// !$*UTF8*$!
{
	archiveVersion = 1;
	classes = {
	};
	objectVersion = 46;
	objects = {

/* Begin PBXBuildFile section */
		6502F1CD1CAA22E000CB1512 /* ISSJSONModel.m in Sources */ = {isa = PBXBuildFile; fileRef = 6502F1CC1CAA22E000CB1512 /* ISSJSONModel.m */; };
		6502F1D11CAA230900CB1512 /* MapLocationItemModel.m in Sources */ = {isa = PBXBuildFile; fileRef = 6502F1D01CAA230900CB1512 /* MapLocationItemModel.m */; };
		6502F1D31CAA24D200CB1512 /* bailixia.jpg in Resources */ = {isa = PBXBuildFile; fileRef = 6502F1D21CAA24D200CB1512 /* bailixia.jpg */; };
		6502F1D61CAA256D00CB1512 /* hand_drawing_map_list.json in Resources */ = {isa = PBXBuildFile; fileRef = 6502F1D51CAA256D00CB1512 /* hand_drawing_map_list.json */; };
		6502F1DA1CAA29E400CB1512 /* FileUtil.m in Sources */ = {isa = PBXBuildFile; fileRef = 6502F1D91CAA29E400CB1512 /* FileUtil.m */; };
		6502F1DD1CAA29F100CB1512 /* SysUtil.m in Sources */ = {isa = PBXBuildFile; fileRef = 6502F1DC1CAA29F100CB1512 /* SysUtil.m */; };
		65110EF31CAA68280046FEC5 /* WebTileMapViewController.m in Sources */ = {isa = PBXBuildFile; fileRef = 65110EF21CAA68280046FEC5 /* WebTileMapViewController.m */; };
		652E8B371C856FE40003C7D9 /* main.m in Sources */ = {isa = PBXBuildFile; fileRef = 652E8B361C856FE40003C7D9 /* main.m */; };
		652E8B3A1C856FE40003C7D9 /* AppDelegate.mm in Sources */ = {isa = PBXBuildFile; fileRef = 652E8B391C856FE40003C7D9 /* AppDelegate.mm */; };
		652E8B401C856FE40003C7D9 /* Main.storyboard in Resources */ = {isa = PBXBuildFile; fileRef = 652E8B3E1C856FE40003C7D9 /* Main.storyboard */; };
		652E8B421C856FE40003C7D9 /* Assets.xcassets in Resources */ = {isa = PBXBuildFile; fileRef = 652E8B411C856FE40003C7D9 /* Assets.xcassets */; };
		652E8B451C856FE40003C7D9 /* LaunchScreen.storyboard in Resources */ = {isa = PBXBuildFile; fileRef = 652E8B431C856FE40003C7D9 /* LaunchScreen.storyboard */; };
		652E8B591C8571D40003C7D9 /* CoreLocation.framework in Frameworks */ = {isa = PBXBuildFile; fileRef = 652E8B581C8571D40003C7D9 /* CoreLocation.framework */; };
		652E8B5B1C8571DC0003C7D9 /* QuartzCore.framework in Frameworks */ = {isa = PBXBuildFile; fileRef = 652E8B5A1C8571DC0003C7D9 /* QuartzCore.framework */; };
		652E8B5D1C8571E40003C7D9 /* OpenGLES.framework in Frameworks */ = {isa = PBXBuildFile; fileRef = 652E8B5C1C8571E40003C7D9 /* OpenGLES.framework */; };
		652E8B5F1C8571EC0003C7D9 /* SystemConfiguration.framework in Frameworks */ = {isa = PBXBuildFile; fileRef = 652E8B5E1C8571EC0003C7D9 /* SystemConfiguration.framework */; };
		652E8B611C8571F20003C7D9 /* CoreGraphics.framework in Frameworks */ = {isa = PBXBuildFile; fileRef = 652E8B601C8571F20003C7D9 /* CoreGraphics.framework */; };
		652E8B631C8571F90003C7D9 /* Security.framework in Frameworks */ = {isa = PBXBuildFile; fileRef = 652E8B621C8571F90003C7D9 /* Security.framework */; };
		652E8B651C8572030003C7D9 /* libsqlite3.0.tbd in Frameworks */ = {isa = PBXBuildFile; fileRef = 652E8B641C8572030003C7D9 /* libsqlite3.0.tbd */; };
		652E8B671C85720F0003C7D9 /* CoreTelephony.framework in Frameworks */ = {isa = PBXBuildFile; fileRef = 652E8B661C85720F0003C7D9 /* CoreTelephony.framework */; };
		652E8B691C8572150003C7D9 /* libstdc++.6.0.9.tbd in Frameworks */ = {isa = PBXBuildFile; fileRef = 652E8B681C8572150003C7D9 /* libstdc++.6.0.9.tbd */; };
		658C35C01CACB3D800248C3B /* libc++.tbd in Frameworks */ = {isa = PBXBuildFile; fileRef = 658C35BF1CACB3D800248C3B /* libc++.tbd */; };
		658C35C21CACB3E900248C3B /* libz.1.2.5.tbd in Frameworks */ = {isa = PBXBuildFile; fileRef = 658C35C11CACB3E900248C3B /* libz.1.2.5.tbd */; };
		658C35C51CACB42E00248C3B /* libetts_device_simulator.a in Frameworks */ = {isa = PBXBuildFile; fileRef = 658C35C41CACB42E00248C3B /* libetts_device_simulator.a */; };
		658C35C71CACB44200248C3B /* AudioToolbox.framework in Frameworks */ = {isa = PBXBuildFile; fileRef = 658C35C61CACB44200248C3B /* AudioToolbox.framework */; };
		658C35C91CACB44B00248C3B /* UIKit.framework in Frameworks */ = {isa = PBXBuildFile; fileRef = 658C35C81CACB44A00248C3B /* UIKit.framework */; };
		658C35CB1CACB47100248C3B /* bdtts_license.dat in Resources */ = {isa = PBXBuildFile; fileRef = 658C35CA1CACB47100248C3B /* bdtts_license.dat */; };
		658C35D21CACB4E900248C3B /* Chinese_Speech_Female.dat in Resources */ = {isa = PBXBuildFile; fileRef = 658C35CC1CACB4E900248C3B /* Chinese_Speech_Female.dat */; };
		658C35D31CACB4E900248C3B /* Chinese_Speech_Male.dat in Resources */ = {isa = PBXBuildFile; fileRef = 658C35CD1CACB4E900248C3B /* Chinese_Speech_Male.dat */; };
		658C35D41CACB4E900248C3B /* Chinese_Text.dat in Resources */ = {isa = PBXBuildFile; fileRef = 658C35CE1CACB4E900248C3B /* Chinese_Text.dat */; };
		658C35D51CACB4E900248C3B /* English_Speech_Female.dat in Resources */ = {isa = PBXBuildFile; fileRef = 658C35CF1CACB4E900248C3B /* English_Speech_Female.dat */; };
		658C35D61CACB4E900248C3B /* English_Speech_Male.dat in Resources */ = {isa = PBXBuildFile; fileRef = 658C35D01CACB4E900248C3B /* English_Speech_Male.dat */; };
		658C35D71CACB4E900248C3B /* English_Text.dat in Resources */ = {isa = PBXBuildFile; fileRef = 658C35D11CACB4E900248C3B /* English_Text.dat */; };
		658D4D811CACF56B00431778 /* BaiduMapAPI_Base.framework in Frameworks */ = {isa = PBXBuildFile; fileRef = 658D4D7E1CACF56B00431778 /* BaiduMapAPI_Base.framework */; };
		658D4D821CACF56B00431778 /* BaiduMapAPI_Location.framework in Frameworks */ = {isa = PBXBuildFile; fileRef = 658D4D7F1CACF56B00431778 /* BaiduMapAPI_Location.framework */; };
		658D4D871CACF81000431778 /* UserLocationModel.m in Sources */ = {isa = PBXBuildFile; fileRef = 658D4D861CACF81000431778 /* UserLocationModel.m */; };
		658D4D891CACFAF900431778 /* BaiduMapAPI_Utils.framework in Frameworks */ = {isa = PBXBuildFile; fileRef = 658D4D881CACFAF900431778 /* BaiduMapAPI_Utils.framework */; };
		658D4D8E1CAD00D800431778 /* NSString+Addtions.m in Sources */ = {isa = PBXBuildFile; fileRef = 658D4D8D1CAD00D800431778 /* NSString+Addtions.m */; };
		65C007E41CAB6D8F002983D6 /* icon_center_point@2x.png in Resources */ = {isa = PBXBuildFile; fileRef = 65C007DC1CAB6D8F002983D6 /* icon_center_point@2x.png */; };
		65C007E51CAB6D8F002983D6 /* icon_paopao_middle_left_highlighted@2x.png in Resources */ = {isa = PBXBuildFile; fileRef = 65C007DD1CAB6D8F002983D6 /* icon_paopao_middle_left_highlighted@2x.png */; };
		65C007E61CAB6D8F002983D6 /* icon_paopao_middle_left@2x.png in Resources */ = {isa = PBXBuildFile; fileRef = 65C007DE1CAB6D8F002983D6 /* icon_paopao_middle_left@2x.png */; };
		65C007E71CAB6D8F002983D6 /* icon_paopao_middle_right_highlighted@2x.png in Resources */ = {isa = PBXBuildFile; fileRef = 65C007DF1CAB6D8F002983D6 /* icon_paopao_middle_right_highlighted@2x.png */; };
		65C007E81CAB6D8F002983D6 /* icon_paopao_middle_right@2x.png in Resources */ = {isa = PBXBuildFile; fileRef = 65C007E01CAB6D8F002983D6 /* icon_paopao_middle_right@2x.png */; };
		65C008071CABAA34002983D6 /* btn_sound_click@2x.png in Resources */ = {isa = PBXBuildFile; fileRef = 65C008001CABAA34002983D6 /* btn_sound_click@2x.png */; };
		65C008081CABAA34002983D6 /* btn_sound_nomal@2x.png in Resources */ = {isa = PBXBuildFile; fileRef = 65C008011CABAA34002983D6 /* btn_sound_nomal@2x.png */; };
		65C008091CABAA34002983D6 /* db_poi_bar@2x.png in Resources */ = {isa = PBXBuildFile; fileRef = 65C008021CABAA34002983D6 /* db_poi_bar@2x.png */; };
		65C0080A1CABAA34002983D6 /* db_poi_depot@2x.png in Resources */ = {isa = PBXBuildFile; fileRef = 65C008031CABAA34002983D6 /* db_poi_depot@2x.png */; };
		65C0080B1CABAA34002983D6 /* db_poi_museum@2x.png in Resources */ = {isa = PBXBuildFile; fileRef = 65C008041CABAA34002983D6 /* db_poi_museum@2x.png */; };
		65C0080C1CABAA34002983D6 /* db_poi_ticket@2x.png in Resources */ = {isa = PBXBuildFile; fileRef = 65C008051CABAA34002983D6 /* db_poi_ticket@2x.png */; };
		65C0080D1CABAA34002983D6 /* db_poi_toilet@2x.png in Resources */ = {isa = PBXBuildFile; fileRef = 65C008061CABAA34002983D6 /* db_poi_toilet@2x.png */; };
		65C008101CABACAC002983D6 /* ISSPinAnnotation.m in Sources */ = {isa = PBXBuildFile; fileRef = 65C0080F1CABACAC002983D6 /* ISSPinAnnotation.m */; };
		65C008131CABAD0E002983D6 /* ISSPinAnnotationView.m in Sources */ = {isa = PBXBuildFile; fileRef = 65C008121CABAD0E002983D6 /* ISSPinAnnotationView.m */; };
		65C0081A1CABB596002983D6 /* ISSPinAnnotationMapView.m in Sources */ = {isa = PBXBuildFile; fileRef = 65C008191CABB596002983D6 /* ISSPinAnnotationMapView.m */; };
		65C0081D1CABB5F0002983D6 /* ISSTiledImageMapView.m in Sources */ = {isa = PBXBuildFile; fileRef = 65C0081C1CABB5F0002983D6 /* ISSTiledImageMapView.m */; };
		65C008201CABB697002983D6 /* ISSPinAnnotationCallOutView.m in Sources */ = {isa = PBXBuildFile; fileRef = 65C0081F1CABB697002983D6 /* ISSPinAnnotationCallOutView.m */; };
		65C008221CABD458002983D6 /* temp.png in Resources */ = {isa = PBXBuildFile; fileRef = 65C008211CABD458002983D6 /* temp.png */; };
		65C008251CABD4D5002983D6 /* UITool.m in Sources */ = {isa = PBXBuildFile; fileRef = 65C008241CABD4D5002983D6 /* UITool.m */; };
		65D8347C1CAA52410032B6D1 /* MapViewController.m in Sources */ = {isa = PBXBuildFile; fileRef = 65D8347B1CAA52410032B6D1 /* MapViewController.m */; };
		65D8347F1CAA52900032B6D1 /* TileMapViewController.m in Sources */ = {isa = PBXBuildFile; fileRef = 65D8347E1CAA52900032B6D1 /* TileMapViewController.m */; };
		65D834811CAA543B0032B6D1 /* Maps in Resources */ = {isa = PBXBuildFile; fileRef = 65D834801CAA543B0032B6D1 /* Maps */; };
		AEBBA4646C88CB258A9E543C /* libPods.a in Frameworks */ = {isa = PBXBuildFile; fileRef = 03852152DF4BECEF2D857F5B /* libPods.a */; };
/* End PBXBuildFile section */

/* Begin PBXFileReference section */
		03852152DF4BECEF2D857F5B /* libPods.a */ = {isa = PBXFileReference; explicitFileType = archive.ar; includeInIndex = 0; path = libPods.a; sourceTree = BUILT_PRODUCTS_DIR; };
		6502F1CB1CAA22E000CB1512 /* ISSJSONModel.h */ = {isa = PBXFileReference; fileEncoding = 4; lastKnownFileType = sourcecode.c.h; path = ISSJSONModel.h; sourceTree = "<group>"; };
		6502F1CC1CAA22E000CB1512 /* ISSJSONModel.m */ = {isa = PBXFileReference; fileEncoding = 4; lastKnownFileType = sourcecode.c.objc; path = ISSJSONModel.m; sourceTree = "<group>"; };
		6502F1CF1CAA230900CB1512 /* MapLocationItemModel.h */ = {isa = PBXFileReference; fileEncoding = 4; lastKnownFileType = sourcecode.c.h; path = MapLocationItemModel.h; sourceTree = "<group>"; };
		6502F1D01CAA230900CB1512 /* MapLocationItemModel.m */ = {isa = PBXFileReference; fileEncoding = 4; lastKnownFileType = sourcecode.c.objc; path = MapLocationItemModel.m; sourceTree = "<group>"; };
		6502F1D21CAA24D200CB1512 /* bailixia.jpg */ = {isa = PBXFileReference; lastKnownFileType = image.jpeg; path = bailixia.jpg; sourceTree = "<group>"; };
		6502F1D51CAA256D00CB1512 /* hand_drawing_map_list.json */ = {isa = PBXFileReference; fileEncoding = 4; lastKnownFileType = text.json; path = hand_drawing_map_list.json; sourceTree = "<group>"; };
		6502F1D81CAA29E400CB1512 /* FileUtil.h */ = {isa = PBXFileReference; fileEncoding = 4; lastKnownFileType = sourcecode.c.h; path = FileUtil.h; sourceTree = "<group>"; };
		6502F1D91CAA29E400CB1512 /* FileUtil.m */ = {isa = PBXFileReference; fileEncoding = 4; lastKnownFileType = sourcecode.c.objc; path = FileUtil.m; sourceTree = "<group>"; };
		6502F1DB1CAA29F100CB1512 /* SysUtil.h */ = {isa = PBXFileReference; fileEncoding = 4; lastKnownFileType = sourcecode.c.h; path = SysUtil.h; sourceTree = "<group>"; };
		6502F1DC1CAA29F100CB1512 /* SysUtil.m */ = {isa = PBXFileReference; fileEncoding = 4; lastKnownFileType = sourcecode.c.objc; path = SysUtil.m; sourceTree = "<group>"; };
		65110EF11CAA68280046FEC5 /* WebTileMapViewController.h */ = {isa = PBXFileReference; fileEncoding = 4; lastKnownFileType = sourcecode.c.h; path = WebTileMapViewController.h; sourceTree = "<group>"; };
		65110EF21CAA68280046FEC5 /* WebTileMapViewController.m */ = {isa = PBXFileReference; fileEncoding = 4; lastKnownFileType = sourcecode.c.objc; path = WebTileMapViewController.m; sourceTree = "<group>"; };
		652E8B321C856FE40003C7D9 /* MapDemo.app */ = {isa = PBXFileReference; explicitFileType = wrapper.application; includeInIndex = 0; path = MapDemo.app; sourceTree = BUILT_PRODUCTS_DIR; };
		652E8B361C856FE40003C7D9 /* main.m */ = {isa = PBXFileReference; lastKnownFileType = sourcecode.c.objc; path = main.m; sourceTree = "<group>"; };
		652E8B381C856FE40003C7D9 /* AppDelegate.h */ = {isa = PBXFileReference; lastKnownFileType = sourcecode.c.h; path = AppDelegate.h; sourceTree = "<group>"; };
		652E8B391C856FE40003C7D9 /* AppDelegate.mm */ = {isa = PBXFileReference; lastKnownFileType = sourcecode.cpp.objcpp; path = AppDelegate.mm; sourceTree = "<group>"; };
		652E8B3F1C856FE40003C7D9 /* Base */ = {isa = PBXFileReference; lastKnownFileType = file.storyboard; name = Base; path = Base.lproj/Main.storyboard; sourceTree = "<group>"; };
		652E8B411C856FE40003C7D9 /* Assets.xcassets */ = {isa = PBXFileReference; lastKnownFileType = folder.assetcatalog; path = Assets.xcassets; sourceTree = "<group>"; };
		652E8B441C856FE40003C7D9 /* Base */ = {isa = PBXFileReference; lastKnownFileType = file.storyboard; name = Base; path = Base.lproj/LaunchScreen.storyboard; sourceTree = "<group>"; };
		652E8B461C856FE40003C7D9 /* Info.plist */ = {isa = PBXFileReference; lastKnownFileType = text.plist.xml; path = Info.plist; sourceTree = "<group>"; };
		652E8B581C8571D40003C7D9 /* CoreLocation.framework */ = {isa = PBXFileReference; lastKnownFileType = wrapper.framework; name = CoreLocation.framework; path = System/Library/Frameworks/CoreLocation.framework; sourceTree = SDKROOT; };
		652E8B5A1C8571DC0003C7D9 /* QuartzCore.framework */ = {isa = PBXFileReference; lastKnownFileType = wrapper.framework; name = QuartzCore.framework; path = System/Library/Frameworks/QuartzCore.framework; sourceTree = SDKROOT; };
		652E8B5C1C8571E40003C7D9 /* OpenGLES.framework */ = {isa = PBXFileReference; lastKnownFileType = wrapper.framework; name = OpenGLES.framework; path = System/Library/Frameworks/OpenGLES.framework; sourceTree = SDKROOT; };
		652E8B5E1C8571EC0003C7D9 /* SystemConfiguration.framework */ = {isa = PBXFileReference; lastKnownFileType = wrapper.framework; name = SystemConfiguration.framework; path = System/Library/Frameworks/SystemConfiguration.framework; sourceTree = SDKROOT; };
		652E8B601C8571F20003C7D9 /* CoreGraphics.framework */ = {isa = PBXFileReference; lastKnownFileType = wrapper.framework; name = CoreGraphics.framework; path = System/Library/Frameworks/CoreGraphics.framework; sourceTree = SDKROOT; };
		652E8B621C8571F90003C7D9 /* Security.framework */ = {isa = PBXFileReference; lastKnownFileType = wrapper.framework; name = Security.framework; path = System/Library/Frameworks/Security.framework; sourceTree = SDKROOT; };
		652E8B641C8572030003C7D9 /* libsqlite3.0.tbd */ = {isa = PBXFileReference; lastKnownFileType = "sourcecode.text-based-dylib-definition"; name = libsqlite3.0.tbd; path = usr/lib/libsqlite3.0.tbd; sourceTree = SDKROOT; };
		652E8B661C85720F0003C7D9 /* CoreTelephony.framework */ = {isa = PBXFileReference; lastKnownFileType = wrapper.framework; name = CoreTelephony.framework; path = System/Library/Frameworks/CoreTelephony.framework; sourceTree = SDKROOT; };
		652E8B681C8572150003C7D9 /* libstdc++.6.0.9.tbd */ = {isa = PBXFileReference; lastKnownFileType = "sourcecode.text-based-dylib-definition"; name = "libstdc++.6.0.9.tbd"; path = "usr/lib/libstdc++.6.0.9.tbd"; sourceTree = SDKROOT; };
		658C35BF1CACB3D800248C3B /* libc++.tbd */ = {isa = PBXFileReference; lastKnownFileType = "sourcecode.text-based-dylib-definition"; name = "libc++.tbd"; path = "usr/lib/libc++.tbd"; sourceTree = SDKROOT; };
		658C35C11CACB3E900248C3B /* libz.1.2.5.tbd */ = {isa = PBXFileReference; lastKnownFileType = "sourcecode.text-based-dylib-definition"; name = libz.1.2.5.tbd; path = usr/lib/libz.1.2.5.tbd; sourceTree = SDKROOT; };
		658C35C41CACB42E00248C3B /* libetts_device_simulator.a */ = {isa = PBXFileReference; lastKnownFileType = archive.ar; path = libetts_device_simulator.a; sourceTree = "<group>"; };
		658C35C61CACB44200248C3B /* AudioToolbox.framework */ = {isa = PBXFileReference; lastKnownFileType = wrapper.framework; name = AudioToolbox.framework; path = System/Library/Frameworks/AudioToolbox.framework; sourceTree = SDKROOT; };
		658C35C81CACB44A00248C3B /* UIKit.framework */ = {isa = PBXFileReference; lastKnownFileType = wrapper.framework; name = UIKit.framework; path = System/Library/Frameworks/UIKit.framework; sourceTree = SDKROOT; };
		658C35CA1CACB47100248C3B /* bdtts_license.dat */ = {isa = PBXFileReference; fileEncoding = 4; lastKnownFileType = text; path = bdtts_license.dat; sourceTree = "<group>"; };
		658C35CC1CACB4E900248C3B /* Chinese_Speech_Female.dat */ = {isa = PBXFileReference; lastKnownFileType = file; path = Chinese_Speech_Female.dat; sourceTree = "<group>"; };
		658C35CD1CACB4E900248C3B /* Chinese_Speech_Male.dat */ = {isa = PBXFileReference; lastKnownFileType = file; path = Chinese_Speech_Male.dat; sourceTree = "<group>"; };
		658C35CE1CACB4E900248C3B /* Chinese_Text.dat */ = {isa = PBXFileReference; lastKnownFileType = file; path = Chinese_Text.dat; sourceTree = "<group>"; };
		658C35CF1CACB4E900248C3B /* English_Speech_Female.dat */ = {isa = PBXFileReference; lastKnownFileType = file; path = English_Speech_Female.dat; sourceTree = "<group>"; };
		658C35D01CACB4E900248C3B /* English_Speech_Male.dat */ = {isa = PBXFileReference; lastKnownFileType = file; path = English_Speech_Male.dat; sourceTree = "<group>"; };
		658C35D11CACB4E900248C3B /* English_Text.dat */ = {isa = PBXFileReference; lastKnownFileType = file; path = English_Text.dat; sourceTree = "<group>"; };
		658C35D91CACB5C100248C3B /* BDSSpeechSynthesizer.h */ = {isa = PBXFileReference; fileEncoding = 4; lastKnownFileType = sourcecode.c.h; path = BDSSpeechSynthesizer.h; sourceTree = "<group>"; };
		658C35DA1CACB5C100248C3B /* BDSSpeechSynthesizerDelegate.h */ = {isa = PBXFileReference; fileEncoding = 4; lastKnownFileType = sourcecode.c.h; path = BDSSpeechSynthesizerDelegate.h; sourceTree = "<group>"; };
		658C35DB1CACB5C100248C3B /* BDSSpeechSynthesizerErrors.h */ = {isa = PBXFileReference; fileEncoding = 4; lastKnownFileType = sourcecode.c.h; path = BDSSpeechSynthesizerErrors.h; sourceTree = "<group>"; };
		658C35DC1CACB5C100248C3B /* BDSSpeechSynthesizerParams.h */ = {isa = PBXFileReference; fileEncoding = 4; lastKnownFileType = sourcecode.c.h; path = BDSSpeechSynthesizerParams.h; sourceTree = "<group>"; };
		658C35DD1CACB5C100248C3B /* BDSSynthesizerLogLevel.h */ = {isa = PBXFileReference; fileEncoding = 4; lastKnownFileType = sourcecode.c.h; path = BDSSynthesizerLogLevel.h; sourceTree = "<group>"; };
		658D4D7E1CACF56B00431778 /* BaiduMapAPI_Base.framework */ = {isa = PBXFileReference; lastKnownFileType = wrapper.framework; path = BaiduMapAPI_Base.framework; sourceTree = "<group>"; };
		658D4D7F1CACF56B00431778 /* BaiduMapAPI_Location.framework */ = {isa = PBXFileReference; lastKnownFileType = wrapper.framework; path = BaiduMapAPI_Location.framework; sourceTree = "<group>"; };
		658D4D851CACF81000431778 /* UserLocationModel.h */ = {isa = PBXFileReference; fileEncoding = 4; lastKnownFileType = sourcecode.c.h; path = UserLocationModel.h; sourceTree = "<group>"; };
		658D4D861CACF81000431778 /* UserLocationModel.m */ = {isa = PBXFileReference; fileEncoding = 4; lastKnownFileType = sourcecode.c.objc; path = UserLocationModel.m; sourceTree = "<group>"; };
		658D4D881CACFAF900431778 /* BaiduMapAPI_Utils.framework */ = {isa = PBXFileReference; lastKnownFileType = wrapper.framework; path = BaiduMapAPI_Utils.framework; sourceTree = "<group>"; };
		658D4D8C1CAD00D800431778 /* NSString+Addtions.h */ = {isa = PBXFileReference; fileEncoding = 4; lastKnownFileType = sourcecode.c.h; path = "NSString+Addtions.h"; sourceTree = "<group>"; };
		658D4D8D1CAD00D800431778 /* NSString+Addtions.m */ = {isa = PBXFileReference; fileEncoding = 4; lastKnownFileType = sourcecode.c.objc; path = "NSString+Addtions.m"; sourceTree = "<group>"; };
		65C007DC1CAB6D8F002983D6 /* icon_center_point@2x.png */ = {isa = PBXFileReference; lastKnownFileType = image.png; path = "icon_center_point@2x.png"; sourceTree = "<group>"; };
		65C007DD1CAB6D8F002983D6 /* icon_paopao_middle_left_highlighted@2x.png */ = {isa = PBXFileReference; lastKnownFileType = image.png; path = "icon_paopao_middle_left_highlighted@2x.png"; sourceTree = "<group>"; };
		65C007DE1CAB6D8F002983D6 /* icon_paopao_middle_left@2x.png */ = {isa = PBXFileReference; lastKnownFileType = image.png; path = "icon_paopao_middle_left@2x.png"; sourceTree = "<group>"; };
		65C007DF1CAB6D8F002983D6 /* icon_paopao_middle_right_highlighted@2x.png */ = {isa = PBXFileReference; lastKnownFileType = image.png; path = "icon_paopao_middle_right_highlighted@2x.png"; sourceTree = "<group>"; };
		65C007E01CAB6D8F002983D6 /* icon_paopao_middle_right@2x.png */ = {isa = PBXFileReference; lastKnownFileType = image.png; path = "icon_paopao_middle_right@2x.png"; sourceTree = "<group>"; };
		65C008001CABAA34002983D6 /* btn_sound_click@2x.png */ = {isa = PBXFileReference; lastKnownFileType = image.png; path = "btn_sound_click@2x.png"; sourceTree = "<group>"; };
		65C008011CABAA34002983D6 /* btn_sound_nomal@2x.png */ = {isa = PBXFileReference; lastKnownFileType = image.png; path = "btn_sound_nomal@2x.png"; sourceTree = "<group>"; };
		65C008021CABAA34002983D6 /* db_poi_bar@2x.png */ = {isa = PBXFileReference; lastKnownFileType = image.png; path = "db_poi_bar@2x.png"; sourceTree = "<group>"; };
		65C008031CABAA34002983D6 /* db_poi_depot@2x.png */ = {isa = PBXFileReference; lastKnownFileType = image.png; path = "db_poi_depot@2x.png"; sourceTree = "<group>"; };
		65C008041CABAA34002983D6 /* db_poi_museum@2x.png */ = {isa = PBXFileReference; lastKnownFileType = image.png; path = "db_poi_museum@2x.png"; sourceTree = "<group>"; };
		65C008051CABAA34002983D6 /* db_poi_ticket@2x.png */ = {isa = PBXFileReference; lastKnownFileType = image.png; path = "db_poi_ticket@2x.png"; sourceTree = "<group>"; };
		65C008061CABAA34002983D6 /* db_poi_toilet@2x.png */ = {isa = PBXFileReference; lastKnownFileType = image.png; path = "db_poi_toilet@2x.png"; sourceTree = "<group>"; };
		65C0080E1CABACAC002983D6 /* ISSPinAnnotation.h */ = {isa = PBXFileReference; fileEncoding = 4; lastKnownFileType = sourcecode.c.h; path = ISSPinAnnotation.h; sourceTree = "<group>"; };
		65C0080F1CABACAC002983D6 /* ISSPinAnnotation.m */ = {isa = PBXFileReference; fileEncoding = 4; lastKnownFileType = sourcecode.c.objc; path = ISSPinAnnotation.m; sourceTree = "<group>"; };
		65C008111CABAD0E002983D6 /* ISSPinAnnotationView.h */ = {isa = PBXFileReference; fileEncoding = 4; lastKnownFileType = sourcecode.c.h; path = ISSPinAnnotationView.h; sourceTree = "<group>"; };
		65C008121CABAD0E002983D6 /* ISSPinAnnotationView.m */ = {isa = PBXFileReference; fileEncoding = 4; lastKnownFileType = sourcecode.c.objc; path = ISSPinAnnotationView.m; sourceTree = "<group>"; };
		65C008141CABAD75002983D6 /* MapDemo-prefix.pch */ = {isa = PBXFileReference; fileEncoding = 4; lastKnownFileType = sourcecode.c.h; path = "MapDemo-prefix.pch"; sourceTree = "<group>"; };
		65C008181CABB596002983D6 /* ISSPinAnnotationMapView.h */ = {isa = PBXFileReference; fileEncoding = 4; lastKnownFileType = sourcecode.c.h; path = ISSPinAnnotationMapView.h; sourceTree = "<group>"; };
		65C008191CABB596002983D6 /* ISSPinAnnotationMapView.m */ = {isa = PBXFileReference; fileEncoding = 4; lastKnownFileType = sourcecode.c.objc; path = ISSPinAnnotationMapView.m; sourceTree = "<group>"; };
		65C0081B1CABB5F0002983D6 /* ISSTiledImageMapView.h */ = {isa = PBXFileReference; fileEncoding = 4; lastKnownFileType = sourcecode.c.h; path = ISSTiledImageMapView.h; sourceTree = "<group>"; };
		65C0081C1CABB5F0002983D6 /* ISSTiledImageMapView.m */ = {isa = PBXFileReference; fileEncoding = 4; lastKnownFileType = sourcecode.c.objc; path = ISSTiledImageMapView.m; sourceTree = "<group>"; };
		65C0081E1CABB697002983D6 /* ISSPinAnnotationCallOutView.h */ = {isa = PBXFileReference; fileEncoding = 4; lastKnownFileType = sourcecode.c.h; path = ISSPinAnnotationCallOutView.h; sourceTree = "<group>"; };
		65C0081F1CABB697002983D6 /* ISSPinAnnotationCallOutView.m */ = {isa = PBXFileReference; fileEncoding = 4; lastKnownFileType = sourcecode.c.objc; path = ISSPinAnnotationCallOutView.m; sourceTree = "<group>"; };
		65C008211CABD458002983D6 /* temp.png */ = {isa = PBXFileReference; lastKnownFileType = image.png; path = temp.png; sourceTree = "<group>"; };
		65C008231CABD4D5002983D6 /* UITool.h */ = {isa = PBXFileReference; fileEncoding = 4; lastKnownFileType = sourcecode.c.h; path = UITool.h; sourceTree = "<group>"; };
		65C008241CABD4D5002983D6 /* UITool.m */ = {isa = PBXFileReference; fileEncoding = 4; lastKnownFileType = sourcecode.c.objc; path = UITool.m; sourceTree = "<group>"; };
		65D8347A1CAA52410032B6D1 /* MapViewController.h */ = {isa = PBXFileReference; fileEncoding = 4; lastKnownFileType = sourcecode.c.h; path = MapViewController.h; sourceTree = "<group>"; };
		65D8347B1CAA52410032B6D1 /* MapViewController.m */ = {isa = PBXFileReference; fileEncoding = 4; lastKnownFileType = sourcecode.c.objc; path = MapViewController.m; sourceTree = "<group>"; };
		65D8347D1CAA52900032B6D1 /* TileMapViewController.h */ = {isa = PBXFileReference; fileEncoding = 4; lastKnownFileType = sourcecode.c.h; path = TileMapViewController.h; sourceTree = "<group>"; };
		65D8347E1CAA52900032B6D1 /* TileMapViewController.m */ = {isa = PBXFileReference; fileEncoding = 4; lastKnownFileType = sourcecode.c.objc; path = TileMapViewController.m; sourceTree = "<group>"; };
		65D834801CAA543B0032B6D1 /* Maps */ = {isa = PBXFileReference; lastKnownFileType = folder; path = Maps; sourceTree = "<group>"; };
		B218C060D914E82088A649EC /* Pods.debug.xcconfig */ = {isa = PBXFileReference; includeInIndex = 1; lastKnownFileType = text.xcconfig; name = Pods.debug.xcconfig; path = "Pods/Target Support Files/Pods/Pods.debug.xcconfig"; sourceTree = "<group>"; };
		EB743F2C8069EE277EF17F3A /* Pods.release.xcconfig */ = {isa = PBXFileReference; includeInIndex = 1; lastKnownFileType = text.xcconfig; name = Pods.release.xcconfig; path = "Pods/Target Support Files/Pods/Pods.release.xcconfig"; sourceTree = "<group>"; };
/* End PBXFileReference section */

/* Begin PBXFrameworksBuildPhase section */
		652E8B2F1C856FE40003C7D9 /* Frameworks */ = {
			isa = PBXFrameworksBuildPhase;
			buildActionMask = 2147483647;
			files = (
				658C35C91CACB44B00248C3B /* UIKit.framework in Frameworks */,
				658C35C71CACB44200248C3B /* AudioToolbox.framework in Frameworks */,
				658D4D891CACFAF900431778 /* BaiduMapAPI_Utils.framework in Frameworks */,
				658C35C51CACB42E00248C3B /* libetts_device_simulator.a in Frameworks */,
				658D4D821CACF56B00431778 /* BaiduMapAPI_Location.framework in Frameworks */,
				658C35C21CACB3E900248C3B /* libz.1.2.5.tbd in Frameworks */,
				658C35C01CACB3D800248C3B /* libc++.tbd in Frameworks */,
				652E8B691C8572150003C7D9 /* libstdc++.6.0.9.tbd in Frameworks */,
				652E8B671C85720F0003C7D9 /* CoreTelephony.framework in Frameworks */,
				652E8B651C8572030003C7D9 /* libsqlite3.0.tbd in Frameworks */,
				652E8B631C8571F90003C7D9 /* Security.framework in Frameworks */,
				652E8B611C8571F20003C7D9 /* CoreGraphics.framework in Frameworks */,
				652E8B5F1C8571EC0003C7D9 /* SystemConfiguration.framework in Frameworks */,
				652E8B5D1C8571E40003C7D9 /* OpenGLES.framework in Frameworks */,
				652E8B5B1C8571DC0003C7D9 /* QuartzCore.framework in Frameworks */,
				658D4D811CACF56B00431778 /* BaiduMapAPI_Base.framework in Frameworks */,
				652E8B591C8571D40003C7D9 /* CoreLocation.framework in Frameworks */,
				AEBBA4646C88CB258A9E543C /* libPods.a in Frameworks */,
			);
			runOnlyForDeploymentPostprocessing = 0;
		};
/* End PBXFrameworksBuildPhase section */

/* Begin PBXGroup section */
		605B7F3669F54F9C2514D579 /* Frameworks */ = {
			isa = PBXGroup;
			children = (
				658C35C81CACB44A00248C3B /* UIKit.framework */,
				658C35C61CACB44200248C3B /* AudioToolbox.framework */,
				658C35C11CACB3E900248C3B /* libz.1.2.5.tbd */,
				658C35BF1CACB3D800248C3B /* libc++.tbd */,
				652E8B681C8572150003C7D9 /* libstdc++.6.0.9.tbd */,
				652E8B661C85720F0003C7D9 /* CoreTelephony.framework */,
				652E8B641C8572030003C7D9 /* libsqlite3.0.tbd */,
				652E8B621C8571F90003C7D9 /* Security.framework */,
				652E8B601C8571F20003C7D9 /* CoreGraphics.framework */,
				652E8B5E1C8571EC0003C7D9 /* SystemConfiguration.framework */,
				652E8B5C1C8571E40003C7D9 /* OpenGLES.framework */,
				652E8B5A1C8571DC0003C7D9 /* QuartzCore.framework */,
				652E8B581C8571D40003C7D9 /* CoreLocation.framework */,
				03852152DF4BECEF2D857F5B /* libPods.a */,
			);
			name = Frameworks;
			sourceTree = "<group>";
		};
		6502F1CA1CAA22DA00CB1512 /* Models */ = {
			isa = PBXGroup;
			children = (
				658D4D841CACF76E00431778 /* User */,
				6502F1CE1CAA22E900CB1512 /* MapModel */,
				6502F1CB1CAA22E000CB1512 /* ISSJSONModel.h */,
				6502F1CC1CAA22E000CB1512 /* ISSJSONModel.m */,
			);
			path = Models;
			sourceTree = "<group>";
		};
		6502F1CE1CAA22E900CB1512 /* MapModel */ = {
			isa = PBXGroup;
			children = (
				6502F1CF1CAA230900CB1512 /* MapLocationItemModel.h */,
				6502F1D01CAA230900CB1512 /* MapLocationItemModel.m */,
			);
			name = MapModel;
			sourceTree = "<group>";
		};
		6502F1D41CAA253F00CB1512 /* Configs */ = {
			isa = PBXGroup;
			children = (
				6502F1D51CAA256D00CB1512 /* hand_drawing_map_list.json */,
			);
			path = Configs;
			sourceTree = "<group>";
		};
		6502F1D71CAA29DB00CB1512 /* Utils */ = {
			isa = PBXGroup;
			children = (
				658D4D8B1CAD00CE00431778 /* NSString */,
				658D4D8A1CAD00C400431778 /* Sys */,
			);
			path = Utils;
			sourceTree = "<group>";
		};
		652E8B291C856FE40003C7D9 = {
			isa = PBXGroup;
			children = (
				652E8B341C856FE40003C7D9 /* MapDemo */,
				652E8B331C856FE40003C7D9 /* Products */,
				B7439924FB7E94431F88D604 /* Pods */,
				605B7F3669F54F9C2514D579 /* Frameworks */,
			);
			sourceTree = "<group>";
		};
		652E8B331C856FE40003C7D9 /* Products */ = {
			isa = PBXGroup;
			children = (
				652E8B321C856FE40003C7D9 /* MapDemo.app */,
			);
			name = Products;
			sourceTree = "<group>";
		};
		652E8B341C856FE40003C7D9 /* MapDemo */ = {
			isa = PBXGroup;
			children = (
				65C007EE1CAB7451002983D6 /* Views */,
				652E8B6D1C857DB30003C7D9 /* Resources */,
				652E8B4C1C8571A70003C7D9 /* Libs */,
				6502F1D71CAA29DB00CB1512 /* Utils */,
				6502F1CA1CAA22DA00CB1512 /* Models */,
				65D834791CAA52410032B6D1 /* ViewControllers */,
				652E8B381C856FE40003C7D9 /* AppDelegate.h */,
				652E8B391C856FE40003C7D9 /* AppDelegate.mm */,
				652E8B3E1C856FE40003C7D9 /* Main.storyboard */,
				652E8B411C856FE40003C7D9 /* Assets.xcassets */,
				652E8B431C856FE40003C7D9 /* LaunchScreen.storyboard */,
				652E8B461C856FE40003C7D9 /* Info.plist */,
				652E8B351C856FE40003C7D9 /* Supporting Files */,
			);
			path = MapDemo;
			sourceTree = "<group>";
		};
		652E8B351C856FE40003C7D9 /* Supporting Files */ = {
			isa = PBXGroup;
			children = (
				652E8B361C856FE40003C7D9 /* main.m */,
				65C008141CABAD75002983D6 /* MapDemo-prefix.pch */,
			);
			name = "Supporting Files";
			sourceTree = "<group>";
		};
		652E8B4C1C8571A70003C7D9 /* Libs */ = {
			isa = PBXGroup;
			children = (
				658D4D7D1CACF56200431778 /* BaiduMap */,
				658C35C31CACB42500248C3B /* BaiduTTS */,
			);
			path = Libs;
			sourceTree = "<group>";
		};
		652E8B6D1C857DB30003C7D9 /* Resources */ = {
			isa = PBXGroup;
			children = (
				65D834801CAA543B0032B6D1 /* Maps */,
				6502F1D41CAA253F00CB1512 /* Configs */,
				652E8B6E1C857DB30003C7D9 /* Images */,
			);
			path = Resources;
			sourceTree = "<group>";
		};
		652E8B6E1C857DB30003C7D9 /* Images */ = {
			isa = PBXGroup;
			children = (
				6502F1D21CAA24D200CB1512 /* bailixia.jpg */,
				65C008211CABD458002983D6 /* temp.png */,
				65C007DC1CAB6D8F002983D6 /* icon_center_point@2x.png */,
				65C007DD1CAB6D8F002983D6 /* icon_paopao_middle_left_highlighted@2x.png */,
				65C007DE1CAB6D8F002983D6 /* icon_paopao_middle_left@2x.png */,
				65C007DF1CAB6D8F002983D6 /* icon_paopao_middle_right_highlighted@2x.png */,
				65C007E01CAB6D8F002983D6 /* icon_paopao_middle_right@2x.png */,
				65C008001CABAA34002983D6 /* btn_sound_click@2x.png */,
				65C008011CABAA34002983D6 /* btn_sound_nomal@2x.png */,
				65C008021CABAA34002983D6 /* db_poi_bar@2x.png */,
				65C008031CABAA34002983D6 /* db_poi_depot@2x.png */,
				65C008041CABAA34002983D6 /* db_poi_museum@2x.png */,
				65C008051CABAA34002983D6 /* db_poi_ticket@2x.png */,
				65C008061CABAA34002983D6 /* db_poi_toilet@2x.png */,
			);
			path = Images;
			sourceTree = "<group>";
		};
		658C35C31CACB42500248C3B /* BaiduTTS */ = {
			isa = PBXGroup;
			children = (
				658C35D81CACB57900248C3B /* inc */,
				658C35C41CACB42E00248C3B /* libetts_device_simulator.a */,
				658C35CA1CACB47100248C3B /* bdtts_license.dat */,
				658C35CC1CACB4E900248C3B /* Chinese_Speech_Female.dat */,
				658C35CD1CACB4E900248C3B /* Chinese_Speech_Male.dat */,
				658C35CE1CACB4E900248C3B /* Chinese_Text.dat */,
				658C35CF1CACB4E900248C3B /* English_Speech_Female.dat */,
				658C35D01CACB4E900248C3B /* English_Speech_Male.dat */,
				658C35D11CACB4E900248C3B /* English_Text.dat */,
			);
			path = BaiduTTS;
			sourceTree = "<group>";
		};
		658C35D81CACB57900248C3B /* inc */ = {
			isa = PBXGroup;
			children = (
				658C35D91CACB5C100248C3B /* BDSSpeechSynthesizer.h */,
				658C35DA1CACB5C100248C3B /* BDSSpeechSynthesizerDelegate.h */,
				658C35DB1CACB5C100248C3B /* BDSSpeechSynthesizerErrors.h */,
				658C35DC1CACB5C100248C3B /* BDSSpeechSynthesizerParams.h */,
				658C35DD1CACB5C100248C3B /* BDSSynthesizerLogLevel.h */,
			);
			name = inc;
			sourceTree = "<group>";
		};
		658D4D7D1CACF56200431778 /* BaiduMap */ = {
			isa = PBXGroup;
			children = (
				658D4D7E1CACF56B00431778 /* BaiduMapAPI_Base.framework */,
				658D4D7F1CACF56B00431778 /* BaiduMapAPI_Location.framework */,
				658D4D881CACFAF900431778 /* BaiduMapAPI_Utils.framework */,
			);
			path = BaiduMap;
			sourceTree = "<group>";
		};
		658D4D841CACF76E00431778 /* User */ = {
			isa = PBXGroup;
			children = (
				658D4D851CACF81000431778 /* UserLocationModel.h */,
				658D4D861CACF81000431778 /* UserLocationModel.m */,
			);
			name = User;
			sourceTree = "<group>";
		};
		658D4D8A1CAD00C400431778 /* Sys */ = {
			isa = PBXGroup;
			children = (
				6502F1D81CAA29E400CB1512 /* FileUtil.h */,
				6502F1D91CAA29E400CB1512 /* FileUtil.m */,
				6502F1DB1CAA29F100CB1512 /* SysUtil.h */,
				6502F1DC1CAA29F100CB1512 /* SysUtil.m */,
				65C008231CABD4D5002983D6 /* UITool.h */,
				65C008241CABD4D5002983D6 /* UITool.m */,
			);
			name = Sys;
			sourceTree = "<group>";
		};
		658D4D8B1CAD00CE00431778 /* NSString */ = {
			isa = PBXGroup;
			children = (
				658D4D8C1CAD00D800431778 /* NSString+Addtions.h */,
				658D4D8D1CAD00D800431778 /* NSString+Addtions.m */,
			);
			name = NSString;
			sourceTree = "<group>";
		};
		65C007EE1CAB7451002983D6 /* Views */ = {
			isa = PBXGroup;
			children = (
				65C007EF1CAB7451002983D6 /* Cells */,
				65C007F01CAB7451002983D6 /* Others */,
			);
			path = Views;
			sourceTree = "<group>";
		};
		65C007EF1CAB7451002983D6 /* Cells */ = {
			isa = PBXGroup;
			children = (
			);
			path = Cells;
			sourceTree = "<group>";
		};
		65C007F01CAB7451002983D6 /* Others */ = {
			isa = PBXGroup;
			children = (
				65C0080E1CABACAC002983D6 /* ISSPinAnnotation.h */,
				65C0080F1CABACAC002983D6 /* ISSPinAnnotation.m */,
				65C008111CABAD0E002983D6 /* ISSPinAnnotationView.h */,
				65C008121CABAD0E002983D6 /* ISSPinAnnotationView.m */,
				65C008181CABB596002983D6 /* ISSPinAnnotationMapView.h */,
				65C008191CABB596002983D6 /* ISSPinAnnotationMapView.m */,
				65C0081B1CABB5F0002983D6 /* ISSTiledImageMapView.h */,
				65C0081C1CABB5F0002983D6 /* ISSTiledImageMapView.m */,
				65C0081E1CABB697002983D6 /* ISSPinAnnotationCallOutView.h */,
				65C0081F1CABB697002983D6 /* ISSPinAnnotationCallOutView.m */,
			);
			path = Others;
			sourceTree = "<group>";
		};
		65D834791CAA52410032B6D1 /* ViewControllers */ = {
			isa = PBXGroup;
			children = (
				65D8347A1CAA52410032B6D1 /* MapViewController.h */,
				65D8347B1CAA52410032B6D1 /* MapViewController.m */,
				65D8347D1CAA52900032B6D1 /* TileMapViewController.h */,
				65D8347E1CAA52900032B6D1 /* TileMapViewController.m */,
				65110EF11CAA68280046FEC5 /* WebTileMapViewController.h */,
				65110EF21CAA68280046FEC5 /* WebTileMapViewController.m */,
			);
			path = ViewControllers;
			sourceTree = "<group>";
		};
		B7439924FB7E94431F88D604 /* Pods */ = {
			isa = PBXGroup;
			children = (
				B218C060D914E82088A649EC /* Pods.debug.xcconfig */,
				EB743F2C8069EE277EF17F3A /* Pods.release.xcconfig */,
			);
			name = Pods;
			sourceTree = "<group>";
		};
/* End PBXGroup section */

/* Begin PBXNativeTarget section */
		652E8B311C856FE40003C7D9 /* MapDemo */ = {
			isa = PBXNativeTarget;
			buildConfigurationList = 652E8B491C856FE40003C7D9 /* Build configuration list for PBXNativeTarget "MapDemo" */;
			buildPhases = (
				AC55E72763DCEE7D62A8C119 /* Check Pods Manifest.lock */,
				652E8B2E1C856FE40003C7D9 /* Sources */,
				652E8B2F1C856FE40003C7D9 /* Frameworks */,
				652E8B301C856FE40003C7D9 /* Resources */,
				B2D665A30BAFB7356D1D3725 /* Embed Pods Frameworks */,
				03EF5D5A831290D4EC555148 /* Copy Pods Resources */,
			);
			buildRules = (
			);
			dependencies = (
			);
			name = MapDemo;
			productName = MapDemo;
			productReference = 652E8B321C856FE40003C7D9 /* MapDemo.app */;
			productType = "com.apple.product-type.application";
		};
/* End PBXNativeTarget section */

/* Begin PBXProject section */
		652E8B2A1C856FE40003C7D9 /* Project object */ = {
			isa = PBXProject;
			attributes = {
				LastUpgradeCheck = 0720;
				ORGANIZATIONNAME = isoftstone;
				TargetAttributes = {
					652E8B311C856FE40003C7D9 = {
						CreatedOnToolsVersion = 7.2;
					};
				};
			};
			buildConfigurationList = 652E8B2D1C856FE40003C7D9 /* Build configuration list for PBXProject "MapDemo" */;
			compatibilityVersion = "Xcode 3.2";
			developmentRegion = English;
			hasScannedForEncodings = 0;
			knownRegions = (
				en,
				Base,
			);
			mainGroup = 652E8B291C856FE40003C7D9;
			productRefGroup = 652E8B331C856FE40003C7D9 /* Products */;
			projectDirPath = "";
			projectRoot = "";
			targets = (
				652E8B311C856FE40003C7D9 /* MapDemo */,
			);
		};
/* End PBXProject section */

/* Begin PBXResourcesBuildPhase section */
		652E8B301C856FE40003C7D9 /* Resources */ = {
			isa = PBXResourcesBuildPhase;
			buildActionMask = 2147483647;
			files = (
				658C35D31CACB4E900248C3B /* Chinese_Speech_Male.dat in Resources */,
				658C35D71CACB4E900248C3B /* English_Text.dat in Resources */,
				652E8B451C856FE40003C7D9 /* LaunchScreen.storyboard in Resources */,
				65C007E61CAB6D8F002983D6 /* icon_paopao_middle_left@2x.png in Resources */,
				65C008081CABAA34002983D6 /* btn_sound_nomal@2x.png in Resources */,
				65D834811CAA543B0032B6D1 /* Maps in Resources */,
				652E8B421C856FE40003C7D9 /* Assets.xcassets in Resources */,
				6502F1D31CAA24D200CB1512 /* bailixia.jpg in Resources */,
				65C007E81CAB6D8F002983D6 /* icon_paopao_middle_right@2x.png in Resources */,
				65C0080A1CABAA34002983D6 /* db_poi_depot@2x.png in Resources */,
				65C0080D1CABAA34002983D6 /* db_poi_toilet@2x.png in Resources */,
				658C35D51CACB4E900248C3B /* English_Speech_Female.dat in Resources */,
				65C008221CABD458002983D6 /* temp.png in Resources */,
				65C008091CABAA34002983D6 /* db_poi_bar@2x.png in Resources */,
				658C35D61CACB4E900248C3B /* English_Speech_Male.dat in Resources */,
				65C0080C1CABAA34002983D6 /* db_poi_ticket@2x.png in Resources */,
				65C0080B1CABAA34002983D6 /* db_poi_museum@2x.png in Resources */,
				658C35D21CACB4E900248C3B /* Chinese_Speech_Female.dat in Resources */,
				652E8B401C856FE40003C7D9 /* Main.storyboard in Resources */,
				65C007E41CAB6D8F002983D6 /* icon_center_point@2x.png in Resources */,
				65C008071CABAA34002983D6 /* btn_sound_click@2x.png in Resources */,
				658C35D41CACB4E900248C3B /* Chinese_Text.dat in Resources */,
				6502F1D61CAA256D00CB1512 /* hand_drawing_map_list.json in Resources */,
				65C007E51CAB6D8F002983D6 /* icon_paopao_middle_left_highlighted@2x.png in Resources */,
				65C007E71CAB6D8F002983D6 /* icon_paopao_middle_right_highlighted@2x.png in Resources */,
				658C35CB1CACB47100248C3B /* bdtts_license.dat in Resources */,
			);
			runOnlyForDeploymentPostprocessing = 0;
		};
/* End PBXResourcesBuildPhase section */

/* Begin PBXShellScriptBuildPhase section */
		03EF5D5A831290D4EC555148 /* Copy Pods Resources */ = {
			isa = PBXShellScriptBuildPhase;
			buildActionMask = 2147483647;
			files = (
			);
			inputPaths = (
			);
			name = "Copy Pods Resources";
			outputPaths = (
			);
			runOnlyForDeploymentPostprocessing = 0;
			shellPath = /bin/sh;
			shellScript = "\"${SRCROOT}/Pods/Target Support Files/Pods/Pods-resources.sh\"\n";
			showEnvVarsInLog = 0;
		};
		AC55E72763DCEE7D62A8C119 /* Check Pods Manifest.lock */ = {
			isa = PBXShellScriptBuildPhase;
			buildActionMask = 2147483647;
			files = (
			);
			inputPaths = (
			);
			name = "Check Pods Manifest.lock";
			outputPaths = (
			);
			runOnlyForDeploymentPostprocessing = 0;
			shellPath = /bin/sh;
			shellScript = "diff \"${PODS_ROOT}/../Podfile.lock\" \"${PODS_ROOT}/Manifest.lock\" > /dev/null\nif [[ $? != 0 ]] ; then\n    cat << EOM\nerror: The sandbox is not in sync with the Podfile.lock. Run 'pod install' or update your CocoaPods installation.\nEOM\n    exit 1\nfi\n";
			showEnvVarsInLog = 0;
		};
		B2D665A30BAFB7356D1D3725 /* Embed Pods Frameworks */ = {
			isa = PBXShellScriptBuildPhase;
			buildActionMask = 2147483647;
			files = (
			);
			inputPaths = (
			);
			name = "Embed Pods Frameworks";
			outputPaths = (
			);
			runOnlyForDeploymentPostprocessing = 0;
			shellPath = /bin/sh;
			shellScript = "\"${SRCROOT}/Pods/Target Support Files/Pods/Pods-frameworks.sh\"\n";
			showEnvVarsInLog = 0;
		};
/* End PBXShellScriptBuildPhase section */

/* Begin PBXSourcesBuildPhase section */
		652E8B2E1C856FE40003C7D9 /* Sources */ = {
			isa = PBXSourcesBuildPhase;
			buildActionMask = 2147483647;
			files = (
				658D4D8E1CAD00D800431778 /* NSString+Addtions.m in Sources */,
				65C008201CABB697002983D6 /* ISSPinAnnotationCallOutView.m in Sources */,
				652E8B3A1C856FE40003C7D9 /* AppDelegate.mm in Sources */,
				65C008131CABAD0E002983D6 /* ISSPinAnnotationView.m in Sources */,
				65C0081D1CABB5F0002983D6 /* ISSTiledImageMapView.m in Sources */,
				65C0081A1CABB596002983D6 /* ISSPinAnnotationMapView.m in Sources */,
				652E8B371C856FE40003C7D9 /* main.m in Sources */,
				6502F1DA1CAA29E400CB1512 /* FileUtil.m in Sources */,
				658D4D871CACF81000431778 /* UserLocationModel.m in Sources */,
				6502F1D11CAA230900CB1512 /* MapLocationItemModel.m in Sources */,
				6502F1DD1CAA29F100CB1512 /* SysUtil.m in Sources */,
				65D8347F1CAA52900032B6D1 /* TileMapViewController.m in Sources */,
				6502F1CD1CAA22E000CB1512 /* ISSJSONModel.m in Sources */,
				65C008251CABD4D5002983D6 /* UITool.m in Sources */,
				65D8347C1CAA52410032B6D1 /* MapViewController.m in Sources */,
				65C008101CABACAC002983D6 /* ISSPinAnnotation.m in Sources */,
				65110EF31CAA68280046FEC5 /* WebTileMapViewController.m in Sources */,
			);
			runOnlyForDeploymentPostprocessing = 0;
		};
/* End PBXSourcesBuildPhase section */

/* Begin PBXVariantGroup section */
		652E8B3E1C856FE40003C7D9 /* Main.storyboard */ = {
			isa = PBXVariantGroup;
			children = (
				652E8B3F1C856FE40003C7D9 /* Base */,
			);
			name = Main.storyboard;
			sourceTree = "<group>";
		};
		652E8B431C856FE40003C7D9 /* LaunchScreen.storyboard */ = {
			isa = PBXVariantGroup;
			children = (
				652E8B441C856FE40003C7D9 /* Base */,
			);
			name = LaunchScreen.storyboard;
			sourceTree = "<group>";
		};
/* End PBXVariantGroup section */

/* Begin XCBuildConfiguration section */
		652E8B471C856FE40003C7D9 /* Debug */ = {
			isa = XCBuildConfiguration;
			buildSettings = {
				ALWAYS_SEARCH_USER_PATHS = NO;
				CLANG_CXX_LANGUAGE_STANDARD = "gnu++0x";
				CLANG_CXX_LIBRARY = "libc++";
				CLANG_ENABLE_MODULES = YES;
				CLANG_ENABLE_OBJC_ARC = YES;
				CLANG_WARN_BOOL_CONVERSION = YES;
				CLANG_WARN_CONSTANT_CONVERSION = YES;
				CLANG_WARN_DIRECT_OBJC_ISA_USAGE = YES_ERROR;
				CLANG_WARN_EMPTY_BODY = YES;
				CLANG_WARN_ENUM_CONVERSION = YES;
				CLANG_WARN_INT_CONVERSION = YES;
				CLANG_WARN_OBJC_ROOT_CLASS = YES_ERROR;
				CLANG_WARN_UNREACHABLE_CODE = YES;
				CLANG_WARN__DUPLICATE_METHOD_MATCH = YES;
				"CODE_SIGN_IDENTITY[sdk=iphoneos*]" = "iPhone Developer";
				COPY_PHASE_STRIP = NO;
				DEBUG_INFORMATION_FORMAT = dwarf;
				ENABLE_STRICT_OBJC_MSGSEND = YES;
				ENABLE_TESTABILITY = YES;
				GCC_C_LANGUAGE_STANDARD = gnu99;
				GCC_DYNAMIC_NO_PIC = NO;
				GCC_NO_COMMON_BLOCKS = YES;
				GCC_OPTIMIZATION_LEVEL = 0;
				GCC_PREPROCESSOR_DEFINITIONS = (
					"DEBUG=1",
					"$(inherited)",
				);
				GCC_WARN_64_TO_32_BIT_CONVERSION = YES;
				GCC_WARN_ABOUT_RETURN_TYPE = YES_ERROR;
				GCC_WARN_UNDECLARED_SELECTOR = YES;
				GCC_WARN_UNINITIALIZED_AUTOS = YES_AGGRESSIVE;
				GCC_WARN_UNUSED_FUNCTION = YES;
				GCC_WARN_UNUSED_VARIABLE = YES;
				IPHONEOS_DEPLOYMENT_TARGET = 9.2;
				MTL_ENABLE_DEBUG_INFO = YES;
				ONLY_ACTIVE_ARCH = YES;
				SDKROOT = iphoneos;
			};
			name = Debug;
		};
		652E8B481C856FE40003C7D9 /* Release */ = {
			isa = XCBuildConfiguration;
			buildSettings = {
				ALWAYS_SEARCH_USER_PATHS = NO;
				CLANG_CXX_LANGUAGE_STANDARD = "gnu++0x";
				CLANG_CXX_LIBRARY = "libc++";
				CLANG_ENABLE_MODULES = YES;
				CLANG_ENABLE_OBJC_ARC = YES;
				CLANG_WARN_BOOL_CONVERSION = YES;
				CLANG_WARN_CONSTANT_CONVERSION = YES;
				CLANG_WARN_DIRECT_OBJC_ISA_USAGE = YES_ERROR;
				CLANG_WARN_EMPTY_BODY = YES;
				CLANG_WARN_ENUM_CONVERSION = YES;
				CLANG_WARN_INT_CONVERSION = YES;
				CLANG_WARN_OBJC_ROOT_CLASS = YES_ERROR;
				CLANG_WARN_UNREACHABLE_CODE = YES;
				CLANG_WARN__DUPLICATE_METHOD_MATCH = YES;
				"CODE_SIGN_IDENTITY[sdk=iphoneos*]" = "iPhone Developer";
				COPY_PHASE_STRIP = NO;
				DEBUG_INFORMATION_FORMAT = "dwarf-with-dsym";
				ENABLE_NS_ASSERTIONS = NO;
				ENABLE_STRICT_OBJC_MSGSEND = YES;
				GCC_C_LANGUAGE_STANDARD = gnu99;
				GCC_NO_COMMON_BLOCKS = YES;
				GCC_WARN_64_TO_32_BIT_CONVERSION = YES;
				GCC_WARN_ABOUT_RETURN_TYPE = YES_ERROR;
				GCC_WARN_UNDECLARED_SELECTOR = YES;
				GCC_WARN_UNINITIALIZED_AUTOS = YES_AGGRESSIVE;
				GCC_WARN_UNUSED_FUNCTION = YES;
				GCC_WARN_UNUSED_VARIABLE = YES;
				IPHONEOS_DEPLOYMENT_TARGET = 9.2;
				MTL_ENABLE_DEBUG_INFO = NO;
				SDKROOT = iphoneos;
				VALIDATE_PRODUCT = YES;
			};
			name = Release;
		};
		652E8B4A1C856FE40003C7D9 /* Debug */ = {
			isa = XCBuildConfiguration;
			baseConfigurationReference = B218C060D914E82088A649EC /* Pods.debug.xcconfig */;
			buildSettings = {
				ASSETCATALOG_COMPILER_APPICON_NAME = AppIcon;
				FRAMEWORK_SEARCH_PATHS = (
					"$(inherited)",
					"$(PROJECT_DIR)/MapDemo/Libs/Baidu",
					"$(PROJECT_DIR)/MapDemo/Libs/BaiduMap",
				);
				GCC_PRECOMPILE_PREFIX_HEADER = YES;
				GCC_PREFIX_HEADER = "MapDemo/MapDemo-prefix.pch";
				INFOPLIST_FILE = MapDemo/Info.plist;
				LD_RUNPATH_SEARCH_PATHS = "$(inherited) @executable_path/Frameworks";
				LIBRARY_SEARCH_PATHS = (
					"$(inherited)",
					"$(PROJECT_DIR)/MapDemo/Libs/BaiduTTS",
				);
				PRODUCT_BUNDLE_IDENTIFIER = com.isoftstone.ent.LBManage;
				PRODUCT_NAME = "$(TARGET_NAME)";
			};
			name = Debug;
		};
		652E8B4B1C856FE40003C7D9 /* Release */ = {
			isa = XCBuildConfiguration;
			baseConfigurationReference = EB743F2C8069EE277EF17F3A /* Pods.release.xcconfig */;
			buildSettings = {
				ASSETCATALOG_COMPILER_APPICON_NAME = AppIcon;
				FRAMEWORK_SEARCH_PATHS = (
					"$(inherited)",
					"$(PROJECT_DIR)/MapDemo/Libs/Baidu",
					"$(PROJECT_DIR)/MapDemo/Libs/BaiduMap",
				);
				GCC_PRECOMPILE_PREFIX_HEADER = YES;
				GCC_PREFIX_HEADER = "MapDemo/MapDemo-prefix.pch";
				INFOPLIST_FILE = MapDemo/Info.plist;
				LD_RUNPATH_SEARCH_PATHS = "$(inherited) @executable_path/Frameworks";
				LIBRARY_SEARCH_PATHS = (
					"$(inherited)",
					"$(PROJECT_DIR)/MapDemo/Libs/BaiduTTS",
				);
				PRODUCT_BUNDLE_IDENTIFIER = com.isoftstone.ent.LBManage;
				PRODUCT_NAME = "$(TARGET_NAME)";
			};
			name = Release;
		};
/* End XCBuildConfiguration section */

/* Begin XCConfigurationList section */
		652E8B2D1C856FE40003C7D9 /* Build configuration list for PBXProject "MapDemo" */ = {
			isa = XCConfigurationList;
			buildConfigurations = (
				652E8B471C856FE40003C7D9 /* Debug */,
				652E8B481C856FE40003C7D9 /* Release */,
			);
			defaultConfigurationIsVisible = 0;
			defaultConfigurationName = Release;
		};
		652E8B491C856FE40003C7D9 /* Build configuration list for PBXNativeTarget "MapDemo" */ = {
			isa = XCConfigurationList;
			buildConfigurations = (
				652E8B4A1C856FE40003C7D9 /* Debug */,
				652E8B4B1C856FE40003C7D9 /* Release */,
			);
			defaultConfigurationIsVisible = 0;
			defaultConfigurationName = Release;
		};
/* End XCConfigurationList section */
	};
	rootObject = 652E8B2A1C856FE40003C7D9 /* Project object */;
}
